
Microsoft Visual Studio Solution File, Format Version 12.00
# Visual Studio 15
Project("{FAE04EC0-301F-11D3-BF4B-00C04F79EFBC}") = "Unity.RenderPipelines.Core.Runtime", "Unity.RenderPipelines.Core.Runtime.csproj", "{F13E4C44-8CD8-6182-4169-658674CE525C}"
EndProject
Project("{FAE04EC0-301F-11D3-BF4B-00C04F79EFBC}") = "UnityEngine.TestRunner", "UnityEngine.TestRunner.csproj", "{207B52B5-9EDF-70CB-194C-650BE810F2DB}"
EndProject
Project("{FAE04EC0-301F-11D3-BF4B-00C04F79EFBC}") = "UnityEngine.UI", "UnityEngine.UI.csproj", "{E6C16EA0-8BA4-B037-940F-95FBF0697E02}"
EndProject
Project("{FAE04EC0-301F-11D3-BF4B-00C04F79EFBC}") = "Unity.VisualScripting.Flow", "Unity.VisualScripting.Flow.csproj", "{236C4ED3-ECEA-AF34-C8BE-40C6898705E8}"
EndProject
Project("{FAE04EC0-301F-11D3-BF4B-00C04F79EFBC}") = "Unity.Mathematics", "Unity.Mathematics.csproj", "{A2142726-5996-5CBC-C571-3C37A2D4AA43}"
EndProject
Project("{FAE04EC0-301F-11D3-BF4B-00C04F79EFBC}") = "Unity.VisualScripting.State", "Unity.VisualScripting.State.csproj", "{48A36821-414A-6FDE-FB90-A65E595E9078}"
EndProject
Project("{FAE04EC0-301F-11D3-BF4B-00C04F79EFBC}") = "Unity.VisualScripting.Core", "Unity.VisualScripting.Core.csproj", "{6EB5FEF1-0A9A-FD99-961F-587A20A2332C}"
EndProject
Project("{FAE04EC0-301F-11D3-BF4B-00C04F79EFBC}") = "Unity.RenderPipelines.Universal.Runtime", "Unity.RenderPipelines.Universal.Runtime.csproj", "{F300FF64-37BA-E463-7188-035B57EBF537}"
EndProject
Project("{FAE04EC0-301F-11D3-BF4B-00C04F79EFBC}") = "Unity.Burst", "Unity.Burst.csproj", "{9F40BC9B-50BC-3642-D728-7F91B09C36F3}"
EndProject
Project("{FAE04EC0-301F-11D3-BF4B-00C04F79EFBC}") = "Unity.2D.Animation.Runtime", "Unity.2D.Animation.Runtime.csproj", "{2A37B2AF-85B2-1198-3A68-310FB7E0F4E0}"
EndProject
Project("{FAE04EC0-301F-11D3-BF4B-00C04F79EFBC}") = "Unity.TextMeshPro", "Unity.TextMeshPro.csproj", "{A2DCF331-0604-41B7-B2B9-944D89084B24}"
EndProject
Project("{FAE04EC0-301F-11D3-BF4B-00C04F79EFBC}") = "Unity.Timeline", "Unity.Timeline.csproj", "{4B1AF23A-0090-BDE6-6DAE-84B78564DAE3}"
EndProject
Project("{FAE04EC0-301F-11D3-BF4B-00C04F79EFBC}") = "Unity.RenderPipeline.Universal.ShaderLibrary", "Unity.RenderPipeline.Universal.ShaderLibrary.csproj", "{1D34A85B-D5E9-40E3-3BC4-7C86F369F7B0}"
EndProject
Project("{FAE04EC0-301F-11D3-BF4B-00C04F79EFBC}") = "Unity.2D.SpriteShape.Runtime", "Unity.2D.SpriteShape.Runtime.csproj", "{7D6065B7-5C69-7168-24C9-5D2C7E98E29F}"
EndProject
Project("{FAE04EC0-301F-11D3-BF4B-00C04F79EFBC}") = "Unity.2D.PixelPerfect", "Unity.2D.PixelPerfect.csproj", "{F3A9E394-D49A-A544-B5C1-756C2FD81EFB}"
EndProject
Project("{FAE04EC0-301F-11D3-BF4B-00C04F79EFBC}") = "Unity.2D.Common.Runtime", "Unity.2D.Common.Runtime.csproj", "{A16DA337-DE3D-65D3-5BB3-D1EC014479FA}"
EndProject
Project("{FAE04EC0-301F-11D3-BF4B-00C04F79EFBC}") = "Unity.2D.IK.Runtime", "Unity.2D.IK.Runtime.csproj", "{1B935057-DCBB-01C3-48D9-36DA43174B15}"
EndProject
Project("{FAE04EC0-301F-11D3-BF4B-00C04F79EFBC}") = "Unity.2D.Tilemap.Extras", "Unity.2D.Tilemap.Extras.csproj", "{80801DDB-F6B8-F91A-EE33-0EC4C881138C}"
EndProject
Project("{FAE04EC0-301F-11D3-BF4B-00C04F79EFBC}") = "Unity.RenderPipelines.Core.ShaderLibrary", "Unity.RenderPipelines.Core.ShaderLibrary.csproj", "{29D18450-194E-F956-54AD-DD9BA388A1C4}"
EndProject
Project("{FAE04EC0-301F-11D3-BF4B-00C04F79EFBC}") = "Unity.InternalAPIEngineBridge.001", "Unity.InternalAPIEngineBridge.001.csproj", "{095B3616-1576-8EA6-564F-14D8F4AA0FB4}"
EndProject
Project("{FAE04EC0-301F-11D3-BF4B-00C04F79EFBC}") = "Unity.RenderPipelines.Universal.Shaders", "Unity.RenderPipelines.Universal.Shaders.csproj", "{09271665-CDB2-3DCA-BCA5-AB9C0EACC12D}"
EndProject
Project("{FAE04EC0-301F-11D3-BF4B-00C04F79EFBC}") = "Unity.RenderPipelines.ShaderGraph.ShaderGraphLibrary", "Unity.RenderPipelines.ShaderGraph.ShaderGraphLibrary.csproj", "{BE078ED3-8224-2A01-7274-DA1DF4BFE0A4}"
EndProject
Project("{FAE04EC0-301F-11D3-BF4B-00C04F79EFBC}") = "Unity.PlasticSCM.Editor", "Unity.PlasticSCM.Editor.csproj", "{008BD55F-9054-5BA9-3F92-E2152DE3DB94}"
EndProject
Project("{FAE04EC0-301F-11D3-BF4B-00C04F79EFBC}") = "Unity.VisualScripting.Core.Editor", "Unity.VisualScripting.Core.Editor.csproj", "{5CA39069-5C71-9A90-7615-D75A69C50926}"
EndProject
Project("{FAE04EC0-301F-11D3-BF4B-00C04F79EFBC}") = "Unity.VisualScripting.Flow.Editor", "Unity.VisualScripting.Flow.Editor.csproj", "{2AC6BA0C-14F4-CD22-793C-7CAAD74719BB}"
EndProject
Project("{FAE04EC0-301F-11D3-BF4B-00C04F79EFBC}") = "Unity.ShaderGraph.Editor", "Unity.ShaderGraph.Editor.csproj", "{0E0559AE-779D-C7A4-02FC-A43C92389AC7}"
EndProject
Project("{FAE04EC0-301F-11D3-BF4B-00C04F79EFBC}") = "Unity.VisualStudio.Editor", "Unity.VisualStudio.Editor.csproj", "{C40D7AE0-789D-133B-145E-7A6264488797}"
EndProject
Project("{FAE04EC0-301F-11D3-BF4B-00C04F79EFBC}") = "Unity.Timeline.Editor", "Unity.Timeline.Editor.csproj", "{7AFD05B5-9BF0-A7C7-618F-57BE42FB9CAD}"
EndProject
Project("{FAE04EC0-301F-11D3-BF4B-00C04F79EFBC}") = "Unity.RenderPipelines.Universal.Editor", "Unity.RenderPipelines.Universal.Editor.csproj", "{CD7E4C70-504A-1B40-FCA8-1AAD1810D50D}"
EndProject
Project("{FAE04EC0-301F-11D3-BF4B-00C04F79EFBC}") = "Unity.VisualScripting.State.Editor", "Unity.VisualScripting.State.Editor.csproj", "{87B83F8B-0047-387C-772C-2169260CEE39}"
EndProject
Project("{FAE04EC0-301F-11D3-BF4B-00C04F79EFBC}") = "Unity.TextMeshPro.Editor", "Unity.TextMeshPro.Editor.csproj", "{C9E364BE-C295-73DC-B404-8A12D93E51DB}"
EndProject
Project("{FAE04EC0-301F-11D3-BF4B-00C04F79EFBC}") = "Unity.RenderPipelines.Core.Editor", "Unity.RenderPipelines.Core.Editor.csproj", "{8DA48F6F-A325-2858-4CB5-EE40CDB3E80C}"
EndProject
Project("{FAE04EC0-301F-11D3-BF4B-00C04F79EFBC}") = "Unity.2D.Animation.Editor", "Unity.2D.Animation.Editor.csproj", "{DB04C2DE-0831-90CD-4D2B-B6D45FBE5F37}"
EndProject
Project("{FAE04EC0-301F-11D3-BF4B-00C04F79EFBC}") = "Unity.VisualScripting.SettingsProvider.Editor", "Unity.VisualScripting.SettingsProvider.Editor.csproj", "{6E562023-101F-14E1-3260-96C6CC90100D}"
EndProject
Project("{FAE04EC0-301F-11D3-BF4B-00C04F79EFBC}") = "Unity.CollabProxy.Editor", "Unity.CollabProxy.Editor.csproj", "{4C0DCCC8-C41E-B443-8993-41D274AF06F9}"
EndProject
Project("{FAE04EC0-301F-11D3-BF4B-00C04F79EFBC}") = "UnityEditor.TestRunner", "UnityEditor.TestRunner.csproj", "{9037315E-E134-7859-C6E4-3AB8674934B9}"
EndProject
Project("{FAE04EC0-301F-11D3-BF4B-00C04F79EFBC}") = "Unity.2D.Tilemap.Editor", "Unity.2D.Tilemap.Editor.csproj", "{D2E8DCF1-C43A-8ED7-12BD-7EB60A4EC376}"
EndProject
Project("{FAE04EC0-301F-11D3-BF4B-00C04F79EFBC}") = "Unity.Rider.Editor", "Unity.Rider.Editor.csproj", "{59367052-AB1E-845D-1FEE-0928E50AE385}"
EndProject
Project("{FAE04EC0-301F-11D3-BF4B-00C04F79EFBC}") = "Unity.2D.Path.Editor", "Unity.2D.Path.Editor.csproj", "{3FB1452D-74F8-AC1E-A0E5-B5E29B6C74CF}"
EndProject
Project("{FAE04EC0-301F-11D3-BF4B-00C04F79EFBC}") = "Unity.Services.Core.Editor", "Unity.Services.Core.Editor.csproj", "{9E2D35D0-E907-69C5-B9C5-1D46C0174CAF}"
EndProject
Project("{FAE04EC0-301F-11D3-BF4B-00C04F79EFBC}") = "PsdPlugin", "PsdPlugin.csproj", "{14ED4323-D48E-B7B8-DE53-3F2137B01AF0}"
EndProject
Project("{FAE04EC0-301F-11D3-BF4B-00C04F79EFBC}") = "Unity.Searcher.Editor", "Unity.Searcher.Editor.csproj", "{4D5949A2-114C-A2F0-10AF-E20DACE380B7}"
EndProject
Project("{FAE04EC0-301F-11D3-BF4B-00C04F79EFBC}") = "Unity.2D.IK.Editor", "Unity.2D.IK.Editor.csproj", "{B7E99812-F5F0-E006-AB60-9025AA90132C}"
EndProject
Project("{FAE04EC0-301F-11D3-BF4B-00C04F79EFBC}") = "Unity.2D.SpriteShape.Editor", "Unity.2D.SpriteShape.Editor.csproj", "{F4E14EAA-60B9-E55C-37E7-92CC65BC8683}"
EndProject
Project("{FAE04EC0-301F-11D3-BF4B-00C04F79EFBC}") = "Unity.2D.Psdimporter.Editor", "Unity.2D.Psdimporter.Editor.csproj", "{9AB8F2D0-4B90-30F4-0709-C2BD3AD091A3}"
EndProject
Project("{FAE04EC0-301F-11D3-BF4B-00C04F79EFBC}") = "Unity.Burst.CodeGen", "Unity.Burst.CodeGen.csproj", "{17A6A969-7060-8F7C-8840-096C2D4E563D}"
EndProject
Project("{FAE04EC0-301F-11D3-BF4B-00C04F79EFBC}") = "Unity.2D.PixelPerfect.Editor", "Unity.2D.PixelPerfect.Editor.csproj", "{EC7F4D1D-17B6-D31A-DE32-CD2B1198E439}"
EndProject
Project("{FAE04EC0-301F-11D3-BF4B-00C04F79EFBC}") = "Unity.VSCode.Editor", "Unity.VSCode.Editor.csproj", "{4B592CB7-F5DD-3F35-8DF5-41E11C501996}"
EndProject
Project("{FAE04EC0-301F-11D3-BF4B-00C04F79EFBC}") = "Unity.2D.Sprite.Editor", "Unity.2D.Sprite.Editor.csproj", "{D730B1C9-44FC-B9C1-14D8-FCFD56E7ED1F}"
EndProject
Project("{FAE04EC0-301F-11D3-BF4B-00C04F79EFBC}") = "UnityEditor.UI", "UnityEditor.UI.csproj", "{8B41C716-894E-308A-A2BC-02C2A196E558}"
EndProject
Project("{FAE04EC0-301F-11D3-BF4B-00C04F79EFBC}") = "PPv2URPConverters", "PPv2URPConverters.csproj", "{A8D5E5EF-FFCF-CE3A-6936-619CBBEB5A76}"
EndProject
Project("{FAE04EC0-301F-11D3-BF4B-00C04F79EFBC}") = "Unity.2D.Common.Editor", "Unity.2D.Common.Editor.csproj", "{AFAD6051-5371-F43D-8EE4-ED86CEB7BFC1}"
EndProject
Project("{FAE04EC0-301F-11D3-BF4B-00C04F79EFBC}") = "Unity.Mathematics.Editor", "Unity.Mathematics.Editor.csproj", "{FB561A1C-0B49-3B93-667A-1E3502E56B11}"
EndProject
Project("{FAE04EC0-301F-11D3-BF4B-00C04F79EFBC}") = "Unity.2D.Tilemap.Extras.Editor", "Unity.2D.Tilemap.Extras.Editor.csproj", "{858D209D-8078-2DCC-54E1-C996C4E7DF3F}"
EndProject
Project("{FAE04EC0-301F-11D3-BF4B-00C04F79EFBC}") = "Unity.Burst.Editor", "Unity.Burst.Editor.csproj", "{9C206768-E425-DCC3-75BE-6F0FE763E1FC}"
EndProject
Project("{FAE04EC0-301F-11D3-BF4B-00C04F79EFBC}") = "Unity.InternalAPIEditorBridge.001", "Unity.InternalAPIEditorBridge.001.csproj", "{669F5521-8B32-2F5F-DE62-26BFBB00EF80}"
EndProject
Project("{FAE04EC0-301F-11D3-BF4B-00C04F79EFBC}") = "Unity.ShaderGraph.Utilities", "Unity.ShaderGraph.Utilities.csproj", "{7C6FBEB8-6647-0E31-CA2C-E5F6A3F99ED2}"
EndProject
Project("{FAE04EC0-301F-11D3-BF4B-00C04F79EFBC}") = "Unity.VisualScripting.Shared.Editor", "Unity.VisualScripting.Shared.Editor.csproj", "{F7B0E314-9897-0A19-E27E-054DB246BC14}"
EndProject
Global
	GlobalSection(SolutionConfigurationPlatforms) = preSolution
		Debug|Any CPU = Debug|Any CPU
		Release|Any CPU = Release|Any CPU
	EndGlobalSection
	GlobalSection(ProjectConfigurationPlatforms) = postSolution
		{F13E4C44-8CD8-6182-4169-658674CE525C}.Debug|Any CPU.ActiveCfg = Debug|Any CPU
		{F13E4C44-8CD8-6182-4169-658674CE525C}.Debug|Any CPU.Build.0 = Debug|Any CPU
		{F13E4C44-8CD8-6182-4169-658674CE525C}.Release|Any CPU.ActiveCfg = Release|Any CPU
		{F13E4C44-8CD8-6182-4169-658674CE525C}.Release|Any CPU.Build.0 = Release|Any CPU
		{207B52B5-9EDF-70CB-194C-650BE810F2DB}.Debug|Any CPU.ActiveCfg = Debug|Any CPU
		{207B52B5-9EDF-70CB-194C-650BE810F2DB}.Debug|Any CPU.Build.0 = Debug|Any CPU
		{207B52B5-9EDF-70CB-194C-650BE810F2DB}.Release|Any CPU.ActiveCfg = Release|Any CPU
		{207B52B5-9EDF-70CB-194C-650BE810F2DB}.Release|Any CPU.Build.0 = Release|Any CPU
		{E6C16EA0-8BA4-B037-940F-95FBF0697E02}.Debug|Any CPU.ActiveCfg = Debug|Any CPU
		{E6C16EA0-8BA4-B037-940F-95FBF0697E02}.Debug|Any CPU.Build.0 = Debug|Any CPU
		{E6C16EA0-8BA4-B037-940F-95FBF0697E02}.Release|Any CPU.ActiveCfg = Release|Any CPU
		{E6C16EA0-8BA4-B037-940F-95FBF0697E02}.Release|Any CPU.Build.0 = Release|Any CPU
		{236C4ED3-ECEA-AF34-C8BE-40C6898705E8}.Debug|Any CPU.ActiveCfg = Debug|Any CPU
		{236C4ED3-ECEA-AF34-C8BE-40C6898705E8}.Debug|Any CPU.Build.0 = Debug|Any CPU
		{236C4ED3-ECEA-AF34-C8BE-40C6898705E8}.Release|Any CPU.ActiveCfg = Release|Any CPU
		{236C4ED3-ECEA-AF34-C8BE-40C6898705E8}.Release|Any CPU.Build.0 = Release|Any CPU
		{A2142726-5996-5CBC-C571-3C37A2D4AA43}.Debug|Any CPU.ActiveCfg = Debug|Any CPU
		{A2142726-5996-5CBC-C571-3C37A2D4AA43}.Debug|Any CPU.Build.0 = Debug|Any CPU
		{A2142726-5996-5CBC-C571-3C37A2D4AA43}.Release|Any CPU.ActiveCfg = Release|Any CPU
		{A2142726-5996-5CBC-C571-3C37A2D4AA43}.Release|Any CPU.Build.0 = Release|Any CPU
		{48A36821-414A-6FDE-FB90-A65E595E9078}.Debug|Any CPU.ActiveCfg = Debug|Any CPU
		{48A36821-414A-6FDE-FB90-A65E595E9078}.Debug|Any CPU.Build.0 = Debug|Any CPU
		{48A36821-414A-6FDE-FB90-A65E595E9078}.Release|Any CPU.ActiveCfg = Release|Any CPU
		{48A36821-414A-6FDE-FB90-A65E595E9078}.Release|Any CPU.Build.0 = Release|Any CPU
		{6EB5FEF1-0A9A-FD99-961F-587A20A2332C}.Debug|Any CPU.ActiveCfg = Debug|Any CPU
		{6EB5FEF1-0A9A-FD99-961F-587A20A2332C}.Debug|Any CPU.Build.0 = Debug|Any CPU
		{6EB5FEF1-0A9A-FD99-961F-587A20A2332C}.Release|Any CPU.ActiveCfg = Release|Any CPU
		{6EB5FEF1-0A9A-FD99-961F-587A20A2332C}.Release|Any CPU.Build.0 = Release|Any CPU
		{F300FF64-37BA-E463-7188-035B57EBF537}.Debug|Any CPU.ActiveCfg = Debug|Any CPU
		{F300FF64-37BA-E463-7188-035B57EBF537}.Debug|Any CPU.Build.0 = Debug|Any CPU
		{F300FF64-37BA-E463-7188-035B57EBF537}.Release|Any CPU.ActiveCfg = Release|Any CPU
		{F300FF64-37BA-E463-7188-035B57EBF537}.Release|Any CPU.Build.0 = Release|Any CPU
		{9F40BC9B-50BC-3642-D728-7F91B09C36F3}.Debug|Any CPU.ActiveCfg = Debug|Any CPU
		{9F40BC9B-50BC-3642-D728-7F91B09C36F3}.Debug|Any CPU.Build.0 = Debug|Any CPU
		{9F40BC9B-50BC-3642-D728-7F91B09C36F3}.Release|Any CPU.ActiveCfg = Release|Any CPU
		{9F40BC9B-50BC-3642-D728-7F91B09C36F3}.Release|Any CPU.Build.0 = Release|Any CPU
		{2A37B2AF-85B2-1198-3A68-310FB7E0F4E0}.Debug|Any CPU.ActiveCfg = Debug|Any CPU
		{2A37B2AF-85B2-1198-3A68-310FB7E0F4E0}.Debug|Any CPU.Build.0 = Debug|Any CPU
		{2A37B2AF-85B2-1198-3A68-310FB7E0F4E0}.Release|Any CPU.ActiveCfg = Release|Any CPU
		{2A37B2AF-85B2-1198-3A68-310FB7E0F4E0}.Release|Any CPU.Build.0 = Release|Any CPU
		{A2DCF331-0604-41B7-B2B9-944D89084B24}.Debug|Any CPU.ActiveCfg = Debug|Any CPU
		{A2DCF331-0604-41B7-B2B9-944D89084B24}.Debug|Any CPU.Build.0 = Debug|Any CPU
		{A2DCF331-0604-41B7-B2B9-944D89084B24}.Release|Any CPU.ActiveCfg = Release|Any CPU
		{A2DCF331-0604-41B7-B2B9-944D89084B24}.Release|Any CPU.Build.0 = Release|Any CPU
		{4B1AF23A-0090-BDE6-6DAE-84B78564DAE3}.Debug|Any CPU.ActiveCfg = Debug|Any CPU
		{4B1AF23A-0090-BDE6-6DAE-84B78564DAE3}.Debug|Any CPU.Build.0 = Debug|Any CPU
		{4B1AF23A-0090-BDE6-6DAE-84B78564DAE3}.Release|Any CPU.ActiveCfg = Release|Any CPU
		{4B1AF23A-0090-BDE6-6DAE-84B78564DAE3}.Release|Any CPU.Build.0 = Release|Any CPU
		{1D34A85B-D5E9-40E3-3BC4-7C86F369F7B0}.Debug|Any CPU.ActiveCfg = Debug|Any CPU
		{1D34A85B-D5E9-40E3-3BC4-7C86F369F7B0}.Debug|Any CPU.Build.0 = Debug|Any CPU
		{1D34A85B-D5E9-40E3-3BC4-7C86F369F7B0}.Release|Any CPU.ActiveCfg = Release|Any CPU
		{1D34A85B-D5E9-40E3-3BC4-7C86F369F7B0}.Release|Any CPU.Build.0 = Release|Any CPU
		{7D6065B7-5C69-7168-24C9-5D2C7E98E29F}.Debug|Any CPU.ActiveCfg = Debug|Any CPU
		{7D6065B7-5C69-7168-24C9-5D2C7E98E29F}.Debug|Any CPU.Build.0 = Debug|Any CPU
		{7D6065B7-5C69-7168-24C9-5D2C7E98E29F}.Release|Any CPU.ActiveCfg = Release|Any CPU
		{7D6065B7-5C69-7168-24C9-5D2C7E98E29F}.Release|Any CPU.Build.0 = Release|Any CPU
		{F3A9E394-D49A-A544-B5C1-756C2FD81EFB}.Debug|Any CPU.ActiveCfg = Debug|Any CPU
		{F3A9E394-D49A-A544-B5C1-756C2FD81EFB}.Debug|Any CPU.Build.0 = Debug|Any CPU
		{F3A9E394-D49A-A544-B5C1-756C2FD81EFB}.Release|Any CPU.ActiveCfg = Release|Any CPU
		{F3A9E394-D49A-A544-B5C1-756C2FD81EFB}.Release|Any CPU.Build.0 = Release|Any CPU
		{A16DA337-DE3D-65D3-5BB3-D1EC014479FA}.Debug|Any CPU.ActiveCfg = Debug|Any CPU
		{A16DA337-DE3D-65D3-5BB3-D1EC014479FA}.Debug|Any CPU.Build.0 = Debug|Any CPU
		{A16DA337-DE3D-65D3-5BB3-D1EC014479FA}.Release|Any CPU.ActiveCfg = Release|Any CPU
		{A16DA337-DE3D-65D3-5BB3-D1EC014479FA}.Release|Any CPU.Build.0 = Release|Any CPU
		{1B935057-DCBB-01C3-48D9-36DA43174B15}.Debug|Any CPU.ActiveCfg = Debug|Any CPU
		{1B935057-DCBB-01C3-48D9-36DA43174B15}.Debug|Any CPU.Build.0 = Debug|Any CPU
		{1B935057-DCBB-01C3-48D9-36DA43174B15}.Release|Any CPU.ActiveCfg = Release|Any CPU
		{1B935057-DCBB-01C3-48D9-36DA43174B15}.Release|Any CPU.Build.0 = Release|Any CPU
		{80801DDB-F6B8-F91A-EE33-0EC4C881138C}.Debug|Any CPU.ActiveCfg = Debug|Any CPU
		{80801DDB-F6B8-F91A-EE33-0EC4C881138C}.Debug|Any CPU.Build.0 = Debug|Any CPU
		{80801DDB-F6B8-F91A-EE33-0EC4C881138C}.Release|Any CPU.ActiveCfg = Release|Any CPU
		{80801DDB-F6B8-F91A-EE33-0EC4C881138C}.Release|Any CPU.Build.0 = Release|Any CPU
		{29D18450-194E-F956-54AD-DD9BA388A1C4}.Debug|Any CPU.ActiveCfg = Debug|Any CPU
		{29D18450-194E-F956-54AD-DD9BA388A1C4}.Debug|Any CPU.Build.0 = Debug|Any CPU
		{29D18450-194E-F956-54AD-DD9BA388A1C4}.Release|Any CPU.ActiveCfg = Release|Any CPU
		{29D18450-194E-F956-54AD-DD9BA388A1C4}.Release|Any CPU.Build.0 = Release|Any CPU
		{095B3616-1576-8EA6-564F-14D8F4AA0FB4}.Debug|Any CPU.ActiveCfg = Debug|Any CPU
		{095B3616-1576-8EA6-564F-14D8F4AA0FB4}.Debug|Any CPU.Build.0 = Debug|Any CPU
		{095B3616-1576-8EA6-564F-14D8F4AA0FB4}.Release|Any CPU.ActiveCfg = Release|Any CPU
		{095B3616-1576-8EA6-564F-14D8F4AA0FB4}.Release|Any CPU.Build.0 = Release|Any CPU
		{09271665-CDB2-3DCA-BCA5-AB9C0EACC12D}.Debug|Any CPU.ActiveCfg = Debug|Any CPU
		{09271665-CDB2-3DCA-BCA5-AB9C0EACC12D}.Debug|Any CPU.Build.0 = Debug|Any CPU
		{09271665-CDB2-3DCA-BCA5-AB9C0EACC12D}.Release|Any CPU.ActiveCfg = Release|Any CPU
		{09271665-CDB2-3DCA-BCA5-AB9C0EACC12D}.Release|Any CPU.Build.0 = Release|Any CPU
		{BE078ED3-8224-2A01-7274-DA1DF4BFE0A4}.Debug|Any CPU.ActiveCfg = Debug|Any CPU
		{BE078ED3-8224-2A01-7274-DA1DF4BFE0A4}.Debug|Any CPU.Build.0 = Debug|Any CPU
		{BE078ED3-8224-2A01-7274-DA1DF4BFE0A4}.Release|Any CPU.ActiveCfg = Release|Any CPU
		{BE078ED3-8224-2A01-7274-DA1DF4BFE0A4}.Release|Any CPU.Build.0 = Release|Any CPU
		{008BD55F-9054-5BA9-3F92-E2152DE3DB94}.Debug|Any CPU.ActiveCfg = Debug|Any CPU
		{008BD55F-9054-5BA9-3F92-E2152DE3DB94}.Debug|Any CPU.Build.0 = Debug|Any CPU
		{008BD55F-9054-5BA9-3F92-E2152DE3DB94}.Release|Any CPU.ActiveCfg = Release|Any CPU
		{008BD55F-9054-5BA9-3F92-E2152DE3DB94}.Release|Any CPU.Build.0 = Release|Any CPU
		{5CA39069-5C71-9A90-7615-D75A69C50926}.Debug|Any CPU.ActiveCfg = Debug|Any CPU
		{5CA39069-5C71-9A90-7615-D75A69C50926}.Debug|Any CPU.Build.0 = Debug|Any CPU
		{5CA39069-5C71-9A90-7615-D75A69C50926}.Release|Any CPU.ActiveCfg = Release|Any CPU
		{5CA39069-5C71-9A90-7615-D75A69C50926}.Release|Any CPU.Build.0 = Release|Any CPU
		{2AC6BA0C-14F4-CD22-793C-7CAAD74719BB}.Debug|Any CPU.ActiveCfg = Debug|Any CPU
		{2AC6BA0C-14F4-CD22-793C-7CAAD74719BB}.Debug|Any CPU.Build.0 = Debug|Any CPU
		{2AC6BA0C-14F4-CD22-793C-7CAAD74719BB}.Release|Any CPU.ActiveCfg = Release|Any CPU
		{2AC6BA0C-14F4-CD22-793C-7CAAD74719BB}.Release|Any CPU.Build.0 = Release|Any CPU
		{0E0559AE-779D-C7A4-02FC-A43C92389AC7}.Debug|Any CPU.ActiveCfg = Debug|Any CPU
		{0E0559AE-779D-C7A4-02FC-A43C92389AC7}.Debug|Any CPU.Build.0 = Debug|Any CPU
		{0E0559AE-779D-C7A4-02FC-A43C92389AC7}.Release|Any CPU.ActiveCfg = Release|Any CPU
		{0E0559AE-779D-C7A4-02FC-A43C92389AC7}.Release|Any CPU.Build.0 = Release|Any CPU
		{C40D7AE0-789D-133B-145E-7A6264488797}.Debug|Any CPU.ActiveCfg = Debug|Any CPU
		{C40D7AE0-789D-133B-145E-7A6264488797}.Debug|Any CPU.Build.0 = Debug|Any CPU
		{C40D7AE0-789D-133B-145E-7A6264488797}.Release|Any CPU.ActiveCfg = Release|Any CPU
		{C40D7AE0-789D-133B-145E-7A6264488797}.Release|Any CPU.Build.0 = Release|Any CPU
		{7AFD05B5-9BF0-A7C7-618F-57BE42FB9CAD}.Debug|Any CPU.ActiveCfg = Debug|Any CPU
		{7AFD05B5-9BF0-A7C7-618F-57BE42FB9CAD}.Debug|Any CPU.Build.0 = Debug|Any CPU
		{7AFD05B5-9BF0-A7C7-618F-57BE42FB9CAD}.Release|Any CPU.ActiveCfg = Release|Any CPU
		{7AFD05B5-9BF0-A7C7-618F-57BE42FB9CAD}.Release|Any CPU.Build.0 = Release|Any CPU
		{CD7E4C70-504A-1B40-FCA8-1AAD1810D50D}.Debug|Any CPU.ActiveCfg = Debug|Any CPU
		{CD7E4C70-504A-1B40-FCA8-1AAD1810D50D}.Debug|Any CPU.Build.0 = Debug|Any CPU
		{CD7E4C70-504A-1B40-FCA8-1AAD1810D50D}.Release|Any CPU.ActiveCfg = Release|Any CPU
		{CD7E4C70-504A-1B40-FCA8-1AAD1810D50D}.Release|Any CPU.Build.0 = Release|Any CPU
		{87B83F8B-0047-387C-772C-2169260CEE39}.Debug|Any CPU.ActiveCfg = Debug|Any CPU
		{87B83F8B-0047-387C-772C-2169260CEE39}.Debug|Any CPU.Build.0 = Debug|Any CPU
		{87B83F8B-0047-387C-772C-2169260CEE39}.Release|Any CPU.ActiveCfg = Release|Any CPU
		{87B83F8B-0047-387C-772C-2169260CEE39}.Release|Any CPU.Build.0 = Release|Any CPU
		{C9E364BE-C295-73DC-B404-8A12D93E51DB}.Debug|Any CPU.ActiveCfg = Debug|Any CPU
		{C9E364BE-C295-73DC-B404-8A12D93E51DB}.Debug|Any CPU.Build.0 = Debug|Any CPU
		{C9E364BE-C295-73DC-B404-8A12D93E51DB}.Release|Any CPU.ActiveCfg = Release|Any CPU
		{C9E364BE-C295-73DC-B404-8A12D93E51DB}.Release|Any CPU.Build.0 = Release|Any CPU
		{8DA48F6F-A325-2858-4CB5-EE40CDB3E80C}.Debug|Any CPU.ActiveCfg = Debug|Any CPU
		{8DA48F6F-A325-2858-4CB5-EE40CDB3E80C}.Debug|Any CPU.Build.0 = Debug|Any CPU
		{8DA48F6F-A325-2858-4CB5-EE40CDB3E80C}.Release|Any CPU.ActiveCfg = Release|Any CPU
		{8DA48F6F-A325-2858-4CB5-EE40CDB3E80C}.Release|Any CPU.Build.0 = Release|Any CPU
		{DB04C2DE-0831-90CD-4D2B-B6D45FBE5F37}.Debug|Any CPU.ActiveCfg = Debug|Any CPU
		{DB04C2DE-0831-90CD-4D2B-B6D45FBE5F37}.Debug|Any CPU.Build.0 = Debug|Any CPU
		{DB04C2DE-0831-90CD-4D2B-B6D45FBE5F37}.Release|Any CPU.ActiveCfg = Release|Any CPU
		{DB04C2DE-0831-90CD-4D2B-B6D45FBE5F37}.Release|Any CPU.Build.0 = Release|Any CPU
		{6E562023-101F-14E1-3260-96C6CC90100D}.Debug|Any CPU.ActiveCfg = Debug|Any CPU
		{6E562023-101F-14E1-3260-96C6CC90100D}.Debug|Any CPU.Build.0 = Debug|Any CPU
		{6E562023-101F-14E1-3260-96C6CC90100D}.Release|Any CPU.ActiveCfg = Release|Any CPU
		{6E562023-101F-14E1-3260-96C6CC90100D}.Release|Any CPU.Build.0 = Release|Any CPU
		{4C0DCCC8-C41E-B443-8993-41D274AF06F9}.Debug|Any CPU.ActiveCfg = Debug|Any CPU
		{4C0DCCC8-C41E-B443-8993-41D274AF06F9}.Debug|Any CPU.Build.0 = Debug|Any CPU
		{4C0DCCC8-C41E-B443-8993-41D274AF06F9}.Release|Any CPU.ActiveCfg = Release|Any CPU
		{4C0DCCC8-C41E-B443-8993-41D274AF06F9}.Release|Any CPU.Build.0 = Release|Any CPU
		{9037315E-E134-7859-C6E4-3AB8674934B9}.Debug|Any CPU.ActiveCfg = Debug|Any CPU
		{9037315E-E134-7859-C6E4-3AB8674934B9}.Debug|Any CPU.Build.0 = Debug|Any CPU
		{9037315E-E134-7859-C6E4-3AB8674934B9}.Release|Any CPU.ActiveCfg = Release|Any CPU
		{9037315E-E134-7859-C6E4-3AB8674934B9}.Release|Any CPU.Build.0 = Release|Any CPU
		{D2E8DCF1-C43A-8ED7-12BD-7EB60A4EC376}.Debug|Any CPU.ActiveCfg = Debug|Any CPU
		{D2E8DCF1-C43A-8ED7-12BD-7EB60A4EC376}.Debug|Any CPU.Build.0 = Debug|Any CPU
		{D2E8DCF1-C43A-8ED7-12BD-7EB60A4EC376}.Release|Any CPU.ActiveCfg = Release|Any CPU
		{D2E8DCF1-C43A-8ED7-12BD-7EB60A4EC376}.Release|Any CPU.Build.0 = Release|Any CPU
		{59367052-AB1E-845D-1FEE-0928E50AE385}.Debug|Any CPU.ActiveCfg = Debug|Any CPU
		{59367052-AB1E-845D-1FEE-0928E50AE385}.Debug|Any CPU.Build.0 = Debug|Any CPU
		{59367052-AB1E-845D-1FEE-0928E50AE385}.Release|Any CPU.ActiveCfg = Release|Any CPU
		{59367052-AB1E-845D-1FEE-0928E50AE385}.Release|Any CPU.Build.0 = Release|Any CPU
		{3FB1452D-74F8-AC1E-A0E5-B5E29B6C74CF}.Debug|Any CPU.ActiveCfg = Debug|Any CPU
		{3FB1452D-74F8-AC1E-A0E5-B5E29B6C74CF}.Debug|Any CPU.Build.0 = Debug|Any CPU
		{3FB1452D-74F8-AC1E-A0E5-B5E29B6C74CF}.Release|Any CPU.ActiveCfg = Release|Any CPU
		{3FB1452D-74F8-AC1E-A0E5-B5E29B6C74CF}.Release|Any CPU.Build.0 = Release|Any CPU
		{9E2D35D0-E907-69C5-B9C5-1D46C0174CAF}.Debug|Any CPU.ActiveCfg = Debug|Any CPU
		{9E2D35D0-E907-69C5-B9C5-1D46C0174CAF}.Debug|Any CPU.Build.0 = Debug|Any CPU
		{9E2D35D0-E907-69C5-B9C5-1D46C0174CAF}.Release|Any CPU.ActiveCfg = Release|Any CPU
		{9E2D35D0-E907-69C5-B9C5-1D46C0174CAF}.Release|Any CPU.Build.0 = Release|Any CPU
		{14ED4323-D48E-B7B8-DE53-3F2137B01AF0}.Debug|Any CPU.ActiveCfg = Debug|Any CPU
		{14ED4323-D48E-B7B8-DE53-3F2137B01AF0}.Debug|Any CPU.Build.0 = Debug|Any CPU
		{14ED4323-D48E-B7B8-DE53-3F2137B01AF0}.Release|Any CPU.ActiveCfg = Release|Any CPU
		{14ED4323-D48E-B7B8-DE53-3F2137B01AF0}.Release|Any CPU.Build.0 = Release|Any CPU
		{4D5949A2-114C-A2F0-10AF-E20DACE380B7}.Debug|Any CPU.ActiveCfg = Debug|Any CPU
		{4D5949A2-114C-A2F0-10AF-E20DACE380B7}.Debug|Any CPU.Build.0 = Debug|Any CPU
		{4D5949A2-114C-A2F0-10AF-E20DACE380B7}.Release|Any CPU.ActiveCfg = Release|Any CPU
		{4D5949A2-114C-A2F0-10AF-E20DACE380B7}.Release|Any CPU.Build.0 = Release|Any CPU
		{B7E99812-F5F0-E006-AB60-9025AA90132C}.Debug|Any CPU.ActiveCfg = Debug|Any CPU
		{B7E99812-F5F0-E006-AB60-9025AA90132C}.Debug|Any CPU.Build.0 = Debug|Any CPU
		{B7E99812-F5F0-E006-AB60-9025AA90132C}.Release|Any CPU.ActiveCfg = Release|Any CPU
		{B7E99812-F5F0-E006-AB60-9025AA90132C}.Release|Any CPU.Build.0 = Release|Any CPU
		{F4E14EAA-60B9-E55C-37E7-92CC65BC8683}.Debug|Any CPU.ActiveCfg = Debug|Any CPU
		{F4E14EAA-60B9-E55C-37E7-92CC65BC8683}.Debug|Any CPU.Build.0 = Debug|Any CPU
		{F4E14EAA-60B9-E55C-37E7-92CC65BC8683}.Release|Any CPU.ActiveCfg = Release|Any CPU
		{F4E14EAA-60B9-E55C-37E7-92CC65BC8683}.Release|Any CPU.Build.0 = Release|Any CPU
		{9AB8F2D0-4B90-30F4-0709-C2BD3AD091A3}.Debug|Any CPU.ActiveCfg = Debug|Any CPU
		{9AB8F2D0-4B90-30F4-0709-C2BD3AD091A3}.Debug|Any CPU.Build.0 = Debug|Any CPU
		{9AB8F2D0-4B90-30F4-0709-C2BD3AD091A3}.Release|Any CPU.ActiveCfg = Release|Any CPU
		{9AB8F2D0-4B90-30F4-0709-C2BD3AD091A3}.Release|Any CPU.Build.0 = Release|Any CPU
		{17A6A969-7060-8F7C-8840-096C2D4E563D}.Debug|Any CPU.ActiveCfg = Debug|Any CPU
		{17A6A969-7060-8F7C-8840-096C2D4E563D}.Debug|Any CPU.Build.0 = Debug|Any CPU
		{17A6A969-7060-8F7C-8840-096C2D4E563D}.Release|Any CPU.ActiveCfg = Release|Any CPU
		{17A6A969-7060-8F7C-8840-096C2D4E563D}.Release|Any CPU.Build.0 = Release|Any CPU
		{EC7F4D1D-17B6-D31A-DE32-CD2B1198E439}.Debug|Any CPU.ActiveCfg = Debug|Any CPU
		{EC7F4D1D-17B6-D31A-DE32-CD2B1198E439}.Debug|Any CPU.Build.0 = Debug|Any CPU
		{EC7F4D1D-17B6-D31A-DE32-CD2B1198E439}.Release|Any CPU.ActiveCfg = Release|Any CPU
		{EC7F4D1D-17B6-D31A-DE32-CD2B1198E439}.Release|Any CPU.Build.0 = Release|Any CPU
		{4B592CB7-F5DD-3F35-8DF5-41E11C501996}.Debug|Any CPU.ActiveCfg = Debug|Any CPU
		{4B592CB7-F5DD-3F35-8DF5-41E11C501996}.Debug|Any CPU.Build.0 = Debug|Any CPU
		{4B592CB7-F5DD-3F35-8DF5-41E11C501996}.Release|Any CPU.ActiveCfg = Release|Any CPU
		{4B592CB7-F5DD-3F35-8DF5-41E11C501996}.Release|Any CPU.Build.0 = Release|Any CPU
		{D730B1C9-44FC-B9C1-14D8-FCFD56E7ED1F}.Debug|Any CPU.ActiveCfg = Debug|Any CPU
		{D730B1C9-44FC-B9C1-14D8-FCFD56E7ED1F}.Debug|Any CPU.Build.0 = Debug|Any CPU
		{D730B1C9-44FC-B9C1-14D8-FCFD56E7ED1F}.Release|Any CPU.ActiveCfg = Release|Any CPU
		{D730B1C9-44FC-B9C1-14D8-FCFD56E7ED1F}.Release|Any CPU.Build.0 = Release|Any CPU
		{8B41C716-894E-308A-A2BC-02C2A196E558}.Debug|Any CPU.ActiveCfg = Debug|Any CPU
		{8B41C716-894E-308A-A2BC-02C2A196E558}.Debug|Any CPU.Build.0 = Debug|Any CPU
		{8B41C716-894E-308A-A2BC-02C2A196E558}.Release|Any CPU.ActiveCfg = Release|Any CPU
		{8B41C716-894E-308A-A2BC-02C2A196E558}.Release|Any CPU.Build.0 = Release|Any CPU
		{A8D5E5EF-FFCF-CE3A-6936-619CBBEB5A76}.Debug|Any CPU.ActiveCfg = Debug|Any CPU
		{A8D5E5EF-FFCF-CE3A-6936-619CBBEB5A76}.Debug|Any CPU.Build.0 = Debug|Any CPU
		{A8D5E5EF-FFCF-CE3A-6936-619CBBEB5A76}.Release|Any CPU.ActiveCfg = Release|Any CPU
		{A8D5E5EF-FFCF-CE3A-6936-619CBBEB5A76}.Release|Any CPU.Build.0 = Release|Any CPU
		{AFAD6051-5371-F43D-8EE4-ED86CEB7BFC1}.Debug|Any CPU.ActiveCfg = Debug|Any CPU
		{AFAD6051-5371-F43D-8EE4-ED86CEB7BFC1}.Debug|Any CPU.Build.0 = Debug|Any CPU
		{AFAD6051-5371-F43D-8EE4-ED86CEB7BFC1}.Release|Any CPU.ActiveCfg = Release|Any CPU
		{AFAD6051-5371-F43D-8EE4-ED86CEB7BFC1}.Release|Any CPU.Build.0 = Release|Any CPU
		{FB561A1C-0B49-3B93-667A-1E3502E56B11}.Debug|Any CPU.ActiveCfg = Debug|Any CPU
		{FB561A1C-0B49-3B93-667A-1E3502E56B11}.Debug|Any CPU.Build.0 = Debug|Any CPU
		{FB561A1C-0B49-3B93-667A-1E3502E56B11}.Release|Any CPU.ActiveCfg = Release|Any CPU
		{FB561A1C-0B49-3B93-667A-1E3502E56B11}.Release|Any CPU.Build.0 = Release|Any CPU
		{858D209D-8078-2DCC-54E1-C996C4E7DF3F}.Debug|Any CPU.ActiveCfg = Debug|Any CPU
		{858D209D-8078-2DCC-54E1-C996C4E7DF3F}.Debug|Any CPU.Build.0 = Debug|Any CPU
		{858D209D-8078-2DCC-54E1-C996C4E7DF3F}.Release|Any CPU.ActiveCfg = Release|Any CPU
		{858D209D-8078-2DCC-54E1-C996C4E7DF3F}.Release|Any CPU.Build.0 = Release|Any CPU
		{9C206768-E425-DCC3-75BE-6F0FE763E1FC}.Debug|Any CPU.ActiveCfg = Debug|Any CPU
		{9C206768-E425-DCC3-75BE-6F0FE763E1FC}.Debug|Any CPU.Build.0 = Debug|Any CPU
		{9C206768-E425-DCC3-75BE-6F0FE763E1FC}.Release|Any CPU.ActiveCfg = Release|Any CPU
		{9C206768-E425-DCC3-75BE-6F0FE763E1FC}.Release|Any CPU.Build.0 = Release|Any CPU
		{669F5521-8B32-2F5F-DE62-26BFBB00EF80}.Debug|Any CPU.ActiveCfg = Debug|Any CPU
		{669F5521-8B32-2F5F-DE62-26BFBB00EF80}.Debug|Any CPU.Build.0 = Debug|Any CPU
		{669F5521-8B32-2F5F-DE62-26BFBB00EF80}.Release|Any CPU.ActiveCfg = Release|Any CPU
		{669F5521-8B32-2F5F-DE62-26BFBB00EF80}.Release|Any CPU.Build.0 = Release|Any CPU
		{7C6FBEB8-6647-0E31-CA2C-E5F6A3F99ED2}.Debug|Any CPU.ActiveCfg = Debug|Any CPU
		{7C6FBEB8-6647-0E31-CA2C-E5F6A3F99ED2}.Debug|Any CPU.Build.0 = Debug|Any CPU
		{7C6FBEB8-6647-0E31-CA2C-E5F6A3F99ED2}.Release|Any CPU.ActiveCfg = Release|Any CPU
		{7C6FBEB8-6647-0E31-CA2C-E5F6A3F99ED2}.Release|Any CPU.Build.0 = Release|Any CPU
		{F7B0E314-9897-0A19-E27E-054DB246BC14}.Debug|Any CPU.ActiveCfg = Debug|Any CPU
		{F7B0E314-9897-0A19-E27E-054DB246BC14}.Debug|Any CPU.Build.0 = Debug|Any CPU
		{F7B0E314-9897-0A19-E27E-054DB246BC14}.Release|Any CPU.ActiveCfg = Release|Any CPU
		{F7B0E314-9897-0A19-E27E-054DB246BC14}.Release|Any CPU.Build.0 = Release|Any CPU
	EndGlobalSection
	GlobalSection(SolutionProperties) = preSolution
		HideSolutionNode = FALSE
	EndGlobalSection
EndGlobal
